Microsoft Visual Studio Solution File, Format Version 12.00
# Visual Studio Version 17
VisualStudioVersion = 17.5.2.0
MinimumVisualStudioVersion = 10.0.40219.1
Project("{2150E333-8FDC-42A3-9474-1A3956D46DE8}") = "Bridge", "Bridge", "{68BF4094-9419-05A7-776B-98D5B493D877}"
EndProject
Project("{2150E333-8FDC-42A3-9474-1A3956D46DE8}") = "Tools", "Tools", "{C58D4E72-FD14-4527-B367-9A3CC3954ECF}"
EndProject
Project("{FAE04EC0-301F-11D3-BF4B-00C04F79EFBC}") = "NV2_Bridge", "Bridge\Tools\NV2_Bridge.csproj", "{4608DF9A-99D3-A166-0673-D8FBE2ECEFB2}"
EndProject
Global
	GlobalSection(SolutionConfigurationPlatforms) = preSolution
		Debug|Any CPU = Debug|Any CPU
		Release|Any CPU = Release|Any CPU
	EndGlobalSection
	GlobalSection(ProjectConfigurationPlatforms) = postSolution
		{4608DF9A-99D3-A166-0673-D8FBE2ECEFB2}.Debug|Any CPU.ActiveCfg = Debug|Any CPU
		{4608DF9A-99D3-A166-0673-D8FBE2ECEFB2}.Debug|Any CPU.Build.0 = Debug|Any CPU
		{4608DF9A-99D3-A166-0673-D8FBE2ECEFB2}.Release|Any CPU.ActiveCfg = Release|Any CPU
		{4608DF9A-99D3-A166-0673-D8FBE2ECEFB2}.Release|Any CPU.Build.0 = Release|Any CPU
	EndGlobalSection
	GlobalSection(SolutionProperties) = preSolution
		HideSolutionNode = FALSE
	EndGlobalSection
	GlobalSection(NestedProjects) = preSolution
		{C58D4E72-FD14-4527-B367-9A3CC3954ECF} = {68BF4094-9419-05A7-776B-98D5B493D877}
		{4608DF9A-99D3-A166-0673-D8FBE2ECEFB2} = {C58D4E72-FD14-4527-B367-9A3CC3954ECF}
	EndGlobalSection
	GlobalSection(ExtensibilityGlobals) = postSolution
		SolutionGuid = {44C62547-E6AA-43F8-AF4C-8C32EA706D10}
	EndGlobalSection
EndGlobal
